
Microsoft Visual Studio Solution File, Format Version 12.00
# Visual Studio Version 16
VisualStudioVersion = 16.0.29519.181
MinimumVisualStudioVersion = 10.0.40219.1
Project("{FAE04EC0-301F-11D3-BF4B-00C04F79EFBC}") = "Moods.Android", "Moods\Moods.Android\Moods.Android.csproj", "{8E38040E-3B51-440E-807B-B1D4878FDF41}"
EndProject
Project("{FAE04EC0-301F-11D3-BF4B-00C04F79EFBC}") = "Moods.iOS", "Moods\Moods.iOS\Moods.iOS.csproj", "{25BC1C49-C407-48A1-ACA7-92D0CF876C5A}"
EndProject
Project("{FAE04EC0-301F-11D3-BF4B-00C04F79EFBC}") = "Moods", "Moods\Moods\Moods.csproj", "{5C78BB50-99BF-4B66-AD88-58B181E44120}"
EndProject
Global
	GlobalSection(SolutionConfigurationPlatforms) = preSolution
		Debug|Any CPU = Debug|Any CPU
		Debug|iPhone = Debug|iPhone
		Debug|iPhoneSimulator = Debug|iPhoneSimulator
		Release|Any CPU = Release|Any CPU
		Release|iPhone = Release|iPhone
		Release|iPhoneSimulator = Release|iPhoneSimulator
	EndGlobalSection
	GlobalSection(ProjectConfigurationPlatforms) = postSolution
		{8E38040E-3B51-440E-807B-B1D4878FDF41}.Debug|Any CPU.ActiveCfg = Debug|Any CPU
		{8E38040E-3B51-440E-807B-B1D4878FDF41}.Debug|Any CPU.Build.0 = Debug|Any CPU
		{8E38040E-3B51-440E-807B-B1D4878FDF41}.Debug|Any CPU.Deploy.0 = Debug|Any CPU
		{8E38040E-3B51-440E-807B-B1D4878FDF41}.Debug|iPhone.ActiveCfg = Debug|Any CPU
		{8E38040E-3B51-440E-807B-B1D4878FDF41}.Debug|iPhone.Build.0 = Debug|Any CPU
		{8E38040E-3B51-440E-807B-B1D4878FDF41}.Debug|iPhone.Deploy.0 = Debug|Any CPU
		{8E38040E-3B51-440E-807B-B1D4878FDF41}.Debug|iPhoneSimulator.ActiveCfg = Debug|Any CPU
		{8E38040E-3B51-440E-807B-B1D4878FDF41}.Debug|iPhoneSimulator.Build.0 = Debug|Any CPU
		{8E38040E-3B51-440E-807B-B1D4878FDF41}.Debug|iPhoneSimulator.Deploy.0 = Debug|Any CPU
		{8E38040E-3B51-440E-807B-B1D4878FDF41}.Release|Any CPU.ActiveCfg = Release|Any CPU
		{8E38040E-3B51-440E-807B-B1D4878FDF41}.Release|Any CPU.Build.0 = Release|Any CPU
		{8E38040E-3B51-440E-807B-B1D4878FDF41}.Release|Any CPU.Deploy.0 = Release|Any CPU
		{8E38040E-3B51-440E-807B-B1D4878FDF41}.Release|iPhone.ActiveCfg = Release|Any CPU
		{8E38040E-3B51-440E-807B-B1D4878FDF41}.Release|iPhone.Build.0 = Release|Any CPU
		{8E38040E-3B51-440E-807B-B1D4878FDF41}.Release|iPhone.Deploy.0 = Release|Any CPU
		{8E38040E-3B51-440E-807B-B1D4878FDF41}.Release|iPhoneSimulator.ActiveCfg = Release|Any CPU
		{8E38040E-3B51-440E-807B-B1D4878FDF41}.Release|iPhoneSimulator.Build.0 = Release|Any CPU
		{8E38040E-3B51-440E-807B-B1D4878FDF41}.Release|iPhoneSimulator.Deploy.0 = Release|Any CPU
		{25BC1C49-C407-48A1-ACA7-92D0CF876C5A}.Debug|Any CPU.ActiveCfg = Debug|iPhoneSimulator
		{25BC1C49-C407-48A1-ACA7-92D0CF876C5A}.Debug|Any CPU.Build.0 = Debug|iPhoneSimulator
		{25BC1C49-C407-48A1-ACA7-92D0CF876C5A}.Debug|Any CPU.Deploy.0 = Debug|iPhoneSimulator
		{25BC1C49-C407-48A1-ACA7-92D0CF876C5A}.Debug|iPhone.ActiveCfg = Debug|iPhone
		{25BC1C49-C407-48A1-ACA7-92D0CF876C5A}.Debug|iPhone.Build.0 = Debug|iPhone
		{25BC1C49-C407-48A1-ACA7-92D0CF876C5A}.Debug|iPhone.Deploy.0 = Debug|iPhone
		{25BC1C49-C407-48A1-ACA7-92D0CF876C5A}.Debug|iPhoneSimulator.ActiveCfg = Debug|iPhoneSimulator
		{25BC1C49-C407-48A1-ACA7-92D0CF876C5A}.Debug|iPhoneSimulator.Build.0 = Debug|iPhoneSimulator
		{25BC1C49-C407-48A1-ACA7-92D0CF876C5A}.Debug|iPhoneSimulator.Deploy.0 = Debug|iPhoneSimulator
		{25BC1C49-C407-48A1-ACA7-92D0CF876C5A}.Release|Any CPU.ActiveCfg = Release|iPhone
		{25BC1C49-C407-48A1-ACA7-92D0CF876C5A}.Release|Any CPU.Build.0 = Release|iPhone
		{25BC1C49-C407-48A1-ACA7-92D0CF876C5A}.Release|Any CPU.Deploy.0 = Release|iPhone
		{25BC1C49-C407-48A1-ACA7-92D0CF876C5A}.Release|iPhone.ActiveCfg = Release|iPhone
		{25BC1C49-C407-48A1-ACA7-92D0CF876C5A}.Release|iPhone.Build.0 = Release|iPhone
		{25BC1C49-C407-48A1-ACA7-92D0CF876C5A}.Release|iPhone.Deploy.0 = Release|iPhone
		{25BC1C49-C407-48A1-ACA7-92D0CF876C5A}.Release|iPhoneSimulator.ActiveCfg = Release|iPhoneSimulator
		{25BC1C49-C407-48A1-ACA7-92D0CF876C5A}.Release|iPhoneSimulator.Build.0 = Release|iPhoneSimulator
		{25BC1C49-C407-48A1-ACA7-92D0CF876C5A}.Release|iPhoneSimulator.Deploy.0 = Release|iPhoneSimulator
		{5C78BB50-99BF-4B66-AD88-58B181E44120}.Debug|Any CPU.ActiveCfg = Debug|Any CPU
		{5C78BB50-99BF-4B66-AD88-58B181E44120}.Debug|Any CPU.Build.0 = Debug|Any CPU
		{5C78BB50-99BF-4B66-AD88-58B181E44120}.Debug|Any CPU.Deploy.0 = Debug|Any CPU
		{5C78BB50-99BF-4B66-AD88-58B181E44120}.Debug|iPhone.ActiveCfg = Debug|Any CPU
		{5C78BB50-99BF-4B66-AD88-58B181E44120}.Debug|iPhone.Build.0 = Debug|Any CPU
		{5C78BB50-99BF-4B66-AD88-58B181E44120}.Debug|iPhone.Deploy.0 = Debug|Any CPU
		{5C78BB50-99BF-4B66-AD88-58B181E44120}.Debug|iPhoneSimulator.ActiveCfg = Debug|Any CPU
		{5C78BB50-99BF-4B66-AD88-58B181E44120}.Debug|iPhoneSimulator.Build.0 = Debug|Any CPU
		{5C78BB50-99BF-4B66-AD88-58B181E44120}.Debug|iPhoneSimulator.Deploy.0 = Debug|Any CPU
		{5C78BB50-99BF-4B66-AD88-58B181E44120}.Release|Any CPU.ActiveCfg = Release|Any CPU
		{5C78BB50-99BF-4B66-AD88-58B181E44120}.Release|Any CPU.Build.0 = Release|Any CPU
		{5C78BB50-99BF-4B66-AD88-58B181E44120}.Release|Any CPU.Deploy.0 = Release|Any CPU
		{5C78BB50-99BF-4B66-AD88-58B181E44120}.Release|iPhone.ActiveCfg = Release|Any CPU
		{5C78BB50-99BF-4B66-AD88-58B181E44120}.Release|iPhone.Build.0 = Release|Any CPU
		{5C78BB50-99BF-4B66-AD88-58B181E44120}.Release|iPhone.Deploy.0 = Release|Any CPU
		{5C78BB50-99BF-4B66-AD88-58B181E44120}.Release|iPhoneSimulator.ActiveCfg = Release|Any CPU
		{5C78BB50-99BF-4B66-AD88-58B181E44120}.Release|iPhoneSimulator.Build.0 = Release|Any CPU
		{5C78BB50-99BF-4B66-AD88-58B181E44120}.Release|iPhoneSimulator.Deploy.0 = Release|Any CPU
	EndGlobalSection
	GlobalSection(SolutionProperties) = preSolution
		HideSolutionNode = FALSE
	EndGlobalSection
	GlobalSection(ExtensibilityGlobals) = postSolution
		SolutionGuid = {0B79A2EF-CACF-4837-847E-179D73DE1672}
	EndGlobalSection
EndGlobal
